github.com/gomarkdown/markdown v0.0.0-20260725000948-8435af3f5984 h1:6DE2PprLLZelQJu7AeebZLxjcENwC1plRZHDvd5uMCU=
github.com/gomarkdown/markdown v0.0.0-20260725000948-8435af3f5984/go.mod h1:JDGcbDT52eL4fju3sZ4TeHGsQwhG9nbDV21aMyhwPoA=
github.com/h2non/filetype v1.1.3 h1:FKkx9QbD7HR/zjK1Ia5XiBsq9zdLi5Kf3zGyFTAFkGg=
github.com/h2non/filetype v1.1.3/go.mod h1:319b3zT68BvV+WRj7cwy856M2ehB3HqNOt6sy1HndBY=
